Microsoft Visual Studio Solution File, Format Version 12.00
# Visual Studio Version 17
VisualStudioVersion = 17.5.2.0
MinimumVisualStudioVersion = 10.0.40219.1
Project("{FAE04EC0-301F-11D3-BF4B-00C04F79EFBC}") = "Backend4", "Backend4.csproj", "{92BC2C16-1AEE-0BB7-A4E8-46F31C720DC4}"
EndProject
Global
	GlobalSection(SolutionConfigurationPlatforms) = preSolution
		Debug|Any CPU = Debug|Any CPU
		Release|Any CPU = Release|Any CPU
	EndGlobalSection
	GlobalSection(ProjectConfigurationPlatforms) = postSolution
		{92BC2C16-1AEE-0BB7-A4E8-46F31C720DC4}.Debug|Any CPU.ActiveCfg = Debug|Any CPU
		{92BC2C16-1AEE-0BB7-A4E8-46F31C720DC4}.Debug|Any CPU.Build.0 = Debug|Any CPU
		{92BC2C16-1AEE-0BB7-A4E8-46F31C720DC4}.Release|Any CPU.ActiveCfg = Release|Any CPU
		{92BC2C16-1AEE-0BB7-A4E8-46F31C720DC4}.Release|Any CPU.Build.0 = Release|Any CPU
	EndGlobalSection
	GlobalSection(SolutionProperties) = preSolution
		HideSolutionNode = FALSE
	EndGlobalSection
	GlobalSection(ExtensibilityGlobals) = postSolution
		SolutionGuid = {C9C23290-B01C-481A-8A38-F636D6C2E6D2}
	EndGlobalSection
EndGlobal
